
Microsoft Visual Studio Solution File, Format Version 12.00
# Visual Studio 14
VisualStudioVersion = 14.0.25123.0
MinimumVisualStudioVersion = 10.0.40219.1
Project("{FAE04EC0-301F-11D3-BF4B-00C04F79EFBC}") = "Bringe", "Bringe\Bringe.csproj", "{3A20CF1A-8142-4F43-835B-6856EE80DF27}"
EndProject
Project("{FAE04EC0-301F-11D3-BF4B-00C04F79EFBC}") = "composite", "composite\composite.csproj", "{2280A068-E266-4C85-995A-2FBEF083B5A2}"
EndProject
Project("{FAE04EC0-301F-11D3-BF4B-00C04F79EFBC}") = "Decorator", "Decorator\Decorator.csproj", "{036DBFE0-3C58-41DF-9364-CC54B6941FC7}"
EndProject
Global
	GlobalSection(SolutionConfigurationPlatforms) = preSolution
		Debug|Any CPU = Debug|Any CPU
		Release|Any CPU = Release|Any CPU
	EndGlobalSection
	GlobalSection(ProjectConfigurationPlatforms) = postSolution
		{3A20CF1A-8142-4F43-835B-6856EE80DF27}.Debug|Any CPU.ActiveCfg = Debug|Any CPU
		{3A20CF1A-8142-4F43-835B-6856EE80DF27}.Debug|Any CPU.Build.0 = Debug|Any CPU
		{3A20CF1A-8142-4F43-835B-6856EE80DF27}.Release|Any CPU.ActiveCfg = Release|Any CPU
		{3A20CF1A-8142-4F43-835B-6856EE80DF27}.Release|Any CPU.Build.0 = Release|Any CPU
		{2280A068-E266-4C85-995A-2FBEF083B5A2}.Debug|Any CPU.ActiveCfg = Debug|Any CPU
		{2280A068-E266-4C85-995A-2FBEF083B5A2}.Debug|Any CPU.Build.0 = Debug|Any CPU
		{2280A068-E266-4C85-995A-2FBEF083B5A2}.Release|Any CPU.ActiveCfg = Release|Any CPU
		{2280A068-E266-4C85-995A-2FBEF083B5A2}.Release|Any CPU.Build.0 = Release|Any CPU
		{036DBFE0-3C58-41DF-9364-CC54B6941FC7}.Debug|Any CPU.ActiveCfg = Debug|Any CPU
		{036DBFE0-3C58-41DF-9364-CC54B6941FC7}.Debug|Any CPU.Build.0 = Debug|Any CPU
		{036DBFE0-3C58-41DF-9364-CC54B6941FC7}.Release|Any CPU.ActiveCfg = Release|Any CPU
		{036DBFE0-3C58-41DF-9364-CC54B6941FC7}.Release|Any CPU.Build.0 = Release|Any CPU
	EndGlobalSection
	GlobalSection(SolutionProperties) = preSolution
		HideSolutionNode = FALSE
	EndGlobalSection
EndGlobal
